
Microsoft Visual Studio Solution File, Format Version 12.00
# Visual Studio 2013
VisualStudioVersion = 12.0.21005.1
MinimumVisualStudioVersion = 10.0.40219.1
Project("{FAE04EC0-301F-11D3-BF4B-00C04F79EFBC}") = "emre_karar_destek", "emre_karar_destek\emre_karar_destek.csproj", "{AB6BB7F2-C659-409B-936F-74420E6659AD}"
EndProject
Global
	GlobalSection(SolutionConfigurationPlatforms) = preSolution
		Debug|Any CPU = Debug|Any CPU
		Release|Any CPU = Release|Any CPU
	EndGlobalSection
	GlobalSection(ProjectConfigurationPlatforms) = postSolution
		{AB6BB7F2-C659-409B-936F-74420E6659AD}.Debug|Any CPU.ActiveCfg = Debug|Any CPU
		{AB6BB7F2-C659-409B-936F-74420E6659AD}.Debug|Any CPU.Build.0 = Debug|Any CPU
		{AB6BB7F2-C659-409B-936F-74420E6659AD}.Release|Any CPU.ActiveCfg = Release|Any CPU
		{AB6BB7F2-C659-409B-936F-74420E6659AD}.Release|Any CPU.Build.0 = Release|Any CPU
	EndGlobalSection
	GlobalSection(SolutionProperties) = preSolution
		HideSolutionNode = FALSE
	EndGlobalSection
EndGlobal
